
Microsoft Visual Studio Solution File, Format Version 12.00
# Visual Studio 2013
VisualStudioVersion = 12.0.21005.1
MinimumVisualStudioVersion = 10.0.40219.1
Project("{FAE04EC0-301F-11D3-BF4B-00C04F79EFBC}") = "Spinner", "Spinner\Spinner.csproj", "{BCDAC75D-C679-4C2A-BA50-382EA88B4C41}"
EndProject
Project("{FAE04EC0-301F-11D3-BF4B-00C04F79EFBC}") = "Spinner.MainApp", "Spinner.MainApp\Spinner.MainApp.csproj", "{D7E58223-258A-4887-9C59-6B4B1B9319F1}"
EndProject
Project("{FAE04EC0-301F-11D3-BF4B-00C04F79EFBC}") = "Spinner.Tests", "Spinner.Tests\Spinner.Tests.csproj", "{64AB9A9F-1A1F-48D9-AFD7-4C4DEFE67F79}"
EndProject
Global
	GlobalSection(SolutionConfigurationPlatforms) = preSolution
		Debug|Any CPU = Debug|Any CPU
		Release|Any CPU = Release|Any CPU
	EndGlobalSection
	GlobalSection(ProjectConfigurationPlatforms) = postSolution
		{BCDAC75D-C679-4C2A-BA50-382EA88B4C41}.Debug|Any CPU.ActiveCfg = Debug|Any CPU
		{BCDAC75D-C679-4C2A-BA50-382EA88B4C41}.Debug|Any CPU.Build.0 = Debug|Any CPU
		{BCDAC75D-C679-4C2A-BA50-382EA88B4C41}.Release|Any CPU.ActiveCfg = Release|Any CPU
		{BCDAC75D-C679-4C2A-BA50-382EA88B4C41}.Release|Any CPU.Build.0 = Release|Any CPU
		{D7E58223-258A-4887-9C59-6B4B1B9319F1}.Debug|Any CPU.ActiveCfg = Debug|Any CPU
		{D7E58223-258A-4887-9C59-6B4B1B9319F1}.Debug|Any CPU.Build.0 = Debug|Any CPU
		{D7E58223-258A-4887-9C59-6B4B1B9319F1}.Release|Any CPU.ActiveCfg = Release|Any CPU
		{D7E58223-258A-4887-9C59-6B4B1B9319F1}.Release|Any CPU.Build.0 = Release|Any CPU
		{64AB9A9F-1A1F-48D9-AFD7-4C4DEFE67F79}.Debug|Any CPU.ActiveCfg = Debug|Any CPU
		{64AB9A9F-1A1F-48D9-AFD7-4C4DEFE67F79}.Debug|Any CPU.Build.0 = Debug|Any CPU
		{64AB9A9F-1A1F-48D9-AFD7-4C4DEFE67F79}.Release|Any CPU.ActiveCfg = Release|Any CPU
		{64AB9A9F-1A1F-48D9-AFD7-4C4DEFE67F79}.Release|Any CPU.Build.0 = Release|Any CPU
	EndGlobalSection
	GlobalSection(SolutionProperties) = preSolution
		HideSolutionNode = FALSE
	EndGlobalSection
EndGlobal
